// !$*UTF8*$!
{
	archiveVersion = 1;
	classes = {
	};
	objectVersion = 52;
	objects = {

/* Begin PBXBuildFile section */
		313132FB264049B40096CF0C /* AppDelegate.swift in Sources */ = {isa = PBXBuildFile; fileRef = 313132FA264049B40096CF0C /* AppDelegate.swift */; };
		313132FD264049B40096CF0C /* SceneDelegate.swift in Sources */ = {isa = PBXBuildFile; fileRef = 313132FC264049B40096CF0C /* SceneDelegate.swift */; };
		313132FF264049B40096CF0C /* ViewController.swift in Sources */ = {isa = PBXBuildFile; fileRef = 313132FE264049B40096CF0C /* ViewController.swift */; };
		31313302264049B40096CF0C /* Main.storyboard in Resources */ = {isa = PBXBuildFile; fileRef = 31313300264049B40096CF0C /* Main.storyboard */; };
		31313304264049B50096CF0C /* Assets.xcassets in Resources */ = {isa = PBXBuildFile; fileRef = 31313303264049B50096CF0C /* Assets.xcassets */; };
		31313307264049B50096CF0C /* LaunchScreen.storyboard in Resources */ = {isa = PBXBuildFile; fileRef = 31313305264049B50096CF0C /* LaunchScreen.storyboard */; };
		31484176264147C000A820EA /* ClosedSourceFramework in Frameworks */ = {isa = PBXBuildFile; productRef = 31484175264147C000A820EA /* ClosedSourceFramework */; };
/* End PBXBuildFile section */

/* Begin PBXFileReference section */
		313132F7264049B40096CF0C /* ClientApp.app */ = {isa = PBXFileReference; explicitFileType = wrapper.application; includeInIndex = 0; path = ClientApp.app; sourceTree = BUILT_PRODUCTS_DIR; };
		313132FA264049B40096CF0C /* AppDelegate.swift */ = {isa = PBXFileReference; lastKnownFileType = sourcecode.swift; path = AppDelegate.swift; sourceTree = "<group>"; };
		313132FC264049B40096CF0C /* SceneDelegate.swift */ = {isa = PBXFileReference; lastKnownFileType = sourcecode.swift; path = SceneDelegate.swift; sourceTree = "<group>"; };
		313132FE264049B40096CF0C /* ViewController.swift */ = {isa = PBXFileReference; lastKnownFileType = sourcecode.swift; path = ViewController.swift; sourceTree = "<group>"; };
		31313301264049B40096CF0C /* Base */ = {isa = PBXFileReference; lastKnownFileType = file.storyboard; name = Base; path = Base.lproj/Main.storyboard; sourceTree = "<group>"; };
		31313303264049B50096CF0C /* Assets.xcassets */ = {isa = PBXFileReference; lastKnownFileType = folder.assetcatalog; path = Assets.xcassets; sourceTree = "<group>"; };
		31313306264049B50096CF0C /* Base */ = {isa = PBXFileReference; lastKnownFileType = file.storyboard; name = Base; path = Base.lproj/LaunchScreen.storyboard; sourceTree = "<group>"; };
		31313308264049B50096CF0C /* Info.plist */ = {isa = PBXFileReference; lastKnownFileType = text.plist.xml; path = Info.plist; sourceTree = "<group>"; };
		3148411426404F3400A820EA /* ClosedSourceFramework.xcframework */ = {isa = PBXFileReference; lastKnownFileType = wrapper.xcframework; name = ClosedSourceFramework.xcframework; path = ../ClosedSourceFramework/xcf/ClosedSourceFramework.xcframework; sourceTree = "<group>"; };
/* End PBXFileReference section */

/* Begin PBXFrameworksBuildPhase section */
		313132F4264049B40096CF0C /* Frameworks */ = {
			isa = PBXFrameworksBuildPhase;
			buildActionMask = 2147483647;
			files = (
				31484176264147C000A820EA /* ClosedSourceFramework in Frameworks */,
			);
			runOnlyForDeploymentPostprocessing = 0;
		};
/* End PBXFrameworksBuildPhase section */

/* Begin PBXGroup section */
		313132EE264049B40096CF0C = {
			isa = PBXGroup;
			children = (
				313132F9264049B40096CF0C /* ClientApp */,
				313132F8264049B40096CF0C /* Products */,
				3148411326404F3400A820EA /* Frameworks */,
			);
			sourceTree = "<group>";
		};
		313132F8264049B40096CF0C /* Products */ = {
			isa = PBXGroup;
			children = (
				313132F7264049B40096CF0C /* ClientApp.app */,
			);
			name = Products;
			sourceTree = "<group>";
		};
		313132F9264049B40096CF0C /* ClientApp */ = {
			isa = PBXGroup;
			children = (
				313132FA264049B40096CF0C /* AppDelegate.swift */,
				313132FC264049B40096CF0C /* SceneDelegate.swift */,
				313132FE264049B40096CF0C /* ViewController.swift */,
				31313300264049B40096CF0C /* Main.storyboard */,
				31313303264049B50096CF0C /* Assets.xcassets */,
				31313305264049B50096CF0C /* LaunchScreen.storyboard */,
				31313308264049B50096CF0C /* Info.plist */,
			);
			path = ClientApp;
			sourceTree = "<group>";
		};
		3148411326404F3400A820EA /* Frameworks */ = {
			isa = PBXGroup;
			children = (
				3148411426404F3400A820EA /* ClosedSourceFramework.xcframework */,
			);
			name = Frameworks;
			sourceTree = "<group>";
		};
/* End PBXGroup section */

/* Begin PBXNativeTarget section */
		313132F6264049B40096CF0C /* ClientApp */ = {
			isa = PBXNativeTarget;
			buildConfigurationList = 3131330B264049B50096CF0C /* Build configuration list for PBXNativeTarget "ClientApp" */;
			buildPhases = (
				313132F3264049B40096CF0C /* Sources */,
				313132F4264049B40096CF0C /* Frameworks */,
				313132F5264049B40096CF0C /* Resources */,
			);
			buildRules = (
			);
			dependencies = (
			);
			name = ClientApp;
			packageProductDependencies = (
				31484175264147C000A820EA /* ClosedSourceFramework */,
			);
			productName = ClientApp;
			productReference = 313132F7264049B40096CF0C /* ClientApp.app */;
			productType = "com.apple.product-type.application";
		};
/* End PBXNativeTarget section */

/* Begin PBXProject section */
		313132EF264049B40096CF0C /* Project object */ = {
			isa = PBXProject;
			attributes = {
				LastSwiftUpdateCheck = 1250;
				LastUpgradeCheck = 1250;
				TargetAttributes = {
					313132F6264049B40096CF0C = {
						CreatedOnToolsVersion = 12.5;
					};
				};
			};
			buildConfigurationList = 313132F2264049B40096CF0C /* Build configuration list for PBXProject "ClientApp" */;
			compatibilityVersion = "Xcode 9.3";
			developmentRegion = en;
			hasScannedForEncodings = 0;
			knownRegions = (
				en,
				Base,
			);
			mainGroup = 313132EE264049B40096CF0C;
			packageReferences = (
				31484174264147C000A820EA /* XCRemoteSwiftPackageReference "vendored-closed-source-framework" */,
			);
			productRefGroup = 313132F8264049B40096CF0C /* Products */;
			projectDirPath = "";
			projectRoot = "";
			targets = (
				313132F6264049B40096CF0C /* ClientApp */,
			);
		};
/* End PBXProject section */

/* Begin PBXResourcesBuildPhase section */
		313132F5264049B40096CF0C /* Resources */ = {
			isa = PBXResourcesBuildPhase;
			buildActionMask = 2147483647;
			files = (
				31313307264049B50096CF0C /* LaunchScreen.storyboard in Resources */,
				31313304264049B50096CF0C /* Assets.xcassets in Resources */,
				31313302264049B40096CF0C /* Main.storyboard in Resources */,
			);
			runOnlyForDeploymentPostprocessing = 0;
		};
/* End PBXResourcesBuildPhase section */

/* Begin PBXSourcesBuildPhase section */
		313132F3264049B40096CF0C /* Sources */ = {
			isa = PBXSourcesBuildPhase;
			buildActionMask = 2147483647;
			files = (
				313132FF264049B40096CF0C /* ViewController.swift in Sources */,
				313132FB264049B40096CF0C /* AppDelegate.swift in Sources */,
				313132FD264049B40096CF0C /* SceneDelegate.swift in Sources */,
			);
			runOnlyForDeploymentPostprocessing = 0;
		};
/* End PBXSourcesBuildPhase section */

/* Begin PBXVariantGroup section */
		31313300264049B40096CF0C /* Main.storyboard */ = {
			isa = PBXVariantGroup;
			children = (
				31313301264049B40096CF0C /* Base */,
			);
			name = Main.storyboard;
			sourceTree = "<group>";
		};
		31313305264049B50096CF0C /* LaunchScreen.storyboard */ = {
			isa = PBXVariantGroup;
			children = (
				31313306264049B50096CF0C /* Base */,
			);
			name = LaunchScreen.storyboard;
			sourceTree = "<group>";
		};
/* End PBXVariantGroup section */

/* Begin XCBuildConfiguration section */
		31313309264049B50096CF0C /* Debug */ = {
			isa = XCBuildConfiguration;
			buildSettings = {
				ALWAYS_SEARCH_USER_PATHS = NO;
				CLANG_ANALYZER_NONNULL = YES;
				CLANG_ANALYZER_NUMBER_OBJECT_CONVERSION = YES_AGGRESSIVE;
				CLANG_CXX_LANGUAGE_STANDARD = "gnu++14";
				CLANG_CXX_LIBRARY = "libc++";
				CLANG_ENABLE_MODULES = YES;
				CLANG_ENABLE_OBJC_ARC = YES;
				CLANG_ENABLE_OBJC_WEAK = YES;
				CLANG_WARN_BLOCK_CAPTURE_AUTORELEASING = YES;
				CLANG_WARN_BOOL_CONVERSION = YES;
				CLANG_WARN_COMMA = YES;
				CLANG_WARN_CONSTANT_CONVERSION = YES;
				CLANG_WARN_DEPRECATED_OBJC_IMPLEMENTATIONS = YES;
				CLANG_WARN_DIRECT_OBJC_ISA_USAGE = YES_ERROR;
				CLANG_WARN_DOCUMENTATION_COMMENTS = YES;
				CLANG_WARN_EMPTY_BODY = YES;
				CLANG_WARN_ENUM_CONVERSION = YES;
				CLANG_WARN_INFINITE_RECURSION = YES;
				CLANG_WARN_INT_CONVERSION = YES;
				CLANG_WARN_NON_LITERAL_NULL_CONVERSION = YES;
				CLANG_WARN_OBJC_IMPLICIT_RETAIN_SELF = YES;
				CLANG_WARN_OBJC_LITERAL_CONVERSION = YES;
				CLANG_WARN_OBJC_ROOT_CLASS = YES_ERROR;
				CLANG_WARN_QUOTED_INCLUDE_IN_FRAMEWORK_HEADER = YES;
				CLANG_WARN_RANGE_LOOP_ANALYSIS = YES;
				CLANG_WARN_STRICT_PROTOTYPES = YES;
				CLANG_WARN_SUSPICIOUS_MOVE = YES;
				CLANG_WARN_UNGUARDED_AVAILABILITY = YES_AGGRESSIVE;
				CLANG_WARN_UNREACHABLE_CODE = YES;
				CLANG_WARN__DUPLICATE_METHOD_MATCH = YES;
				COPY_PHASE_STRIP = NO;
				DEBUG_INFORMATION_FORMAT = dwarf;
				ENABLE_STRICT_OBJC_MSGSEND = YES;
				ENABLE_TESTABILITY = YES;
				GCC_C_LANGUAGE_STANDARD = gnu11;
				GCC_DYNAMIC_NO_PIC = NO;
				GCC_NO_COMMON_BLOCKS = YES;
				GCC_OPTIMIZATION_LEVEL = 0;
				GCC_PREPROCESSOR_DEFINITIONS = (
					"DEBUG=1",
					"$(inherited)",
				);
				GCC_WARN_64_TO_32_BIT_CONVERSION = YES;
				GCC_WARN_ABOUT_RETURN_TYPE = YES_ERROR;
				GCC_WARN_UNDECLARED_SELECTOR = YES;
				GCC_WARN_UNINITIALIZED_AUTOS = YES_AGGRESSIVE;
				GCC_WARN_UNUSED_FUNCTION = YES;
				GCC_WARN_UNUSED_VARIABLE = YES;
				IPHONEOS_DEPLOYMENT_TARGET = 14.5;
				MTL_ENABLE_DEBUG_INFO = INCLUDE_SOURCE;
				MTL_FAST_MATH = YES;
				ONLY_ACTIVE_ARCH = YES;
				SDKROOT = iphoneos;
				SWIFT_ACTIVE_COMPILATION_CONDITIONS = DEBUG;
				SWIFT_OPTIMIZATION_LEVEL = "-Onone";
			};
			name = Debug;
		};
		3131330A264049B50096CF0C /* Release */ = {
			isa = XCBuildConfiguration;
			buildSettings = {
				ALWAYS_SEARCH_USER_PATHS = NO;
				CLANG_ANALYZER_NONNULL = YES;
				CLANG_ANALYZER_NUMBER_OBJECT_CONVERSION = YES_AGGRESSIVE;
				CLANG_CXX_LANGUAGE_STANDARD = "gnu++14";
				CLANG_CXX_LIBRARY = "libc++";
				CLANG_ENABLE_MODULES = YES;
				CLANG_ENABLE_OBJC_ARC = YES;
				CLANG_ENABLE_OBJC_WEAK = YES;
				CLANG_WARN_BLOCK_CAPTURE_AUTORELEASING = YES;
				CLANG_WARN_BOOL_CONVERSION = YES;
				CLANG_WARN_COMMA = YES;
				CLANG_WARN_CONSTANT_CONVERSION = YES;
				CLANG_WARN_DEPRECATED_OBJC_IMPLEMENTATIONS = YES;
				CLANG_WARN_DIRECT_OBJC_ISA_USAGE = YES_ERROR;
				CLANG_WARN_DOCUMENTATION_COMMENTS = YES;
				CLANG_WARN_EMPTY_BODY = YES;
				CLANG_WARN_ENUM_CONVERSION = YES;
				CLANG_WARN_INFINITE_RECURSION = YES;
				CLANG_WARN_INT_CONVERSION = YES;
				CLANG_WARN_NON_LITERAL_NULL_CONVERSION = YES;
				CLANG_WARN_OBJC_IMPLICIT_RETAIN_SELF = YES;
				CLANG_WARN_OBJC_LITERAL_CONVERSION = YES;
				CLANG_WARN_OBJC_ROOT_CLASS = YES_ERROR;
				CLANG_WARN_QUOTED_INCLUDE_IN_FRAMEWORK_HEADER = YES;
				CLANG_WARN_RANGE_LOOP_ANALYSIS = YES;
				CLANG_WARN_STRICT_PROTOTYPES = YES;
				CLANG_WARN_SUSPICIOUS_MOVE = YES;
				CLANG_WARN_UNGUARDED_AVAILABILITY = YES_AGGRESSIVE;
				CLANG_WARN_UNREACHABLE_CODE = YES;
				CLANG_WARN__DUPLICATE_METHOD_MATCH = YES;
				COPY_PHASE_STRIP = NO;
				DEBUG_INFORMATION_FORMAT = "dwarf-with-dsym";
				ENABLE_NS_ASSERTIONS = NO;
				ENABLE_STRICT_OBJC_MSGSEND = YES;
				GCC_C_LANGUAGE_STANDARD = gnu11;
				GCC_NO_COMMON_BLOCKS = YES;
				GCC_WARN_64_TO_32_BIT_CONVERSION = YES;
				GCC_WARN_ABOUT_RETURN_TYPE = YES_ERROR;
				GCC_WARN_UNDECLARED_SELECTOR = YES;
				GCC_WARN_UNINITIALIZED_AUTOS = YES_AGGRESSIVE;
				GCC_WARN_UNUSED_FUNCTION = YES;
				GCC_WARN_UNUSED_VARIABLE = YES;
				IPHONEOS_DEPLOYMENT_TARGET = 14.5;
				MTL_ENABLE_DEBUG_INFO = NO;
				MTL_FAST_MATH = YES;
				SDKROOT = iphoneos;
				SWIFT_COMPILATION_MODE = wholemodule;
				SWIFT_OPTIMIZATION_LEVEL = "-O";
				VALIDATE_PRODUCT = YES;
			};
			name = Release;
		};
		3131330C264049B50096CF0C /* Debug */ = {
			isa = XCBuildConfiguration;
			buildSettings = {
				ASSETCATALOG_COMPILER_APPICON_NAME = AppIcon;
				ASSETCATALOG_COMPILER_GLOBAL_ACCENT_COLOR_NAME = AccentColor;
				CODE_SIGN_STYLE = Automatic;
				DEVELOPMENT_TEAM = XR3G5NDPNH;
				INFOPLIST_FILE = ClientApp/Info.plist;
				LD_RUNPATH_SEARCH_PATHS = (
					"$(inherited)",
					"@executable_path/Frameworks",
				);
				PRODUCT_BUNDLE_IDENTIFIER = com.glia.ClientApp;
				PRODUCT_NAME = "$(TARGET_NAME)";
				SWIFT_VERSION = 5.0;
				TARGETED_DEVICE_FAMILY = "1,2";
			};
			name = Debug;
		};
		3131330D264049B50096CF0C /* Release */ = {
			isa = XCBuildConfiguration;
			buildSettings = {
				ASSETCATALOG_COMPILER_APPICON_NAME = AppIcon;
				ASSETCATALOG_COMPILER_GLOBAL_ACCENT_COLOR_NAME = AccentColor;
				CODE_SIGN_STYLE = Automatic;
				DEVELOPMENT_TEAM = XR3G5NDPNH;
				INFOPLIST_FILE = ClientApp/Info.plist;
				LD_RUNPATH_SEARCH_PATHS = (
					"$(inherited)",
					"@executable_path/Frameworks",
				);
				PRODUCT_BUNDLE_IDENTIFIER = com.glia.ClientApp;
				PRODUCT_NAME = "$(TARGET_NAME)";
				SWIFT_VERSION = 5.0;
				TARGETED_DEVICE_FAMILY = "1,2";
			};
			name = Release;
		};
/* End XCBuildConfiguration section */

/* Begin XCConfigurationList section */
		313132F2264049B40096CF0C /* Build configuration list for PBXProject "ClientApp" */ = {
			isa = XCConfigurationList;
			buildConfigurations = (
				31313309264049B50096CF0C /* Debug */,
				3131330A264049B50096CF0C /* Release */,
			);
			defaultConfigurationIsVisible = 0;
			defaultConfigurationName = Release;
		};
		3131330B264049B50096CF0C /* Build configuration list for PBXNativeTarget "ClientApp" */ = {
			isa = XCConfigurationList;
			buildConfigurations = (
				3131330C264049B50096CF0C /* Debug */,
				3131330D264049B50096CF0C /* Release */,
			);
			defaultConfigurationIsVisible = 0;
			defaultConfigurationName = Release;
		};
/* End XCConfigurationList section */

/* Begin XCRemoteSwiftPackageReference section */
		31484174264147C000A820EA /* XCRemoteSwiftPackageReference "vendored-closed-source-framework" */ = {
			isa = XCRemoteSwiftPackageReference;
			repositoryURL = "https://github.com/gersonnoboa/vendored-closed-source-framework";
			requirement = {
				kind = upToNextMajorVersion;
				minimumVersion = 1.0.2;
			};
		};
/* End XCRemoteSwiftPackageReference section */

/* Begin XCSwiftPackageProductDependency section */
		31484175264147C000A820EA /* ClosedSourceFramework */ = {
			isa = XCSwiftPackageProductDependency;
			package = 31484174264147C000A820EA /* XCRemoteSwiftPackageReference "vendored-closed-source-framework" */;
			productName = ClosedSourceFramework;
		};
/* End XCSwiftPackageProductDependency section */
	};
	rootObject = 313132EF264049B40096CF0C /* Project object */;
}
